
Microsoft Visual Studio Solution File, Format Version 12.00
# Visual Studio Version 17
VisualStudioVersion = 17.14.36603.0 d17.14
MinimumVisualStudioVersion = 10.0.40219.1
Project("{FAE04EC0-301F-11D3-BF4B-00C04F79EFBC}") = "MauiUsersApp", "MauiUsersApp\MauiUsersApp.csproj", "{9BCB81BA-B06C-4FC9-BA14-28EED559689A}"
EndProject
Global
	GlobalSection(SolutionConfigurationPlatforms) = preSolution
		Debug|Any CPU = Debug|Any CPU
		Release|Any CPU = Release|Any CPU
	EndGlobalSection
	GlobalSection(ProjectConfigurationPlatforms) = postSolution
		{9BCB81BA-B06C-4FC9-BA14-28EED559689A}.Debug|Any CPU.ActiveCfg = Debug|Any CPU
		{9BCB81BA-B06C-4FC9-BA14-28EED559689A}.Debug|Any CPU.Build.0 = Debug|Any CPU
		{9BCB81BA-B06C-4FC9-BA14-28EED559689A}.Debug|Any CPU.Deploy.0 = Debug|Any CPU
		{9BCB81BA-B06C-4FC9-BA14-28EED559689A}.Release|Any CPU.ActiveCfg = Release|Any CPU
		{9BCB81BA-B06C-4FC9-BA14-28EED559689A}.Release|Any CPU.Build.0 = Release|Any CPU
		{9BCB81BA-B06C-4FC9-BA14-28EED559689A}.Release|Any CPU.Deploy.0 = Release|Any CPU
	EndGlobalSection
	GlobalSection(SolutionProperties) = preSolution
		HideSolutionNode = FALSE
	EndGlobalSection
	GlobalSection(ExtensibilityGlobals) = postSolution
		SolutionGuid = {2A7700BC-0E2E-45AD-BBBD-279A82A5997A}
	EndGlobalSection
EndGlobal
